// !$*UTF8*$!
{
	archiveVersion = 1;
	classes = {
	};
	objectVersion = 50;
	objects = {

/* Begin PBXBuildFile section */
		2D3D5D3D2A7D1ED094F16364 /* Pods_parkingApp.framework in Frameworks */ = {isa = PBXBuildFile; fileRef = 3CBD0D34B421D535340323D0 /* Pods_parkingApp.framework */; };
		364B3B03B0A7BEF0F99373EA /* Pods_parkingAppTests.framework in Frameworks */ = {isa = PBXBuildFile; fileRef = 72492FC3EB461DF437308532 /* Pods_parkingAppTests.framework */; };
		DE2553002262688C007C1AC6 /* AppDelegate.swift in Sources */ = {isa = PBXBuildFile; fileRef = DE2552FF2262688C007C1AC6 /* AppDelegate.swift */; };
		DE2553052262688C007C1AC6 /* Main.storyboard in Resources */ = {isa = PBXBuildFile; fileRef = DE2553032262688C007C1AC6 /* Main.storyboard */; };
		DE2553072262688D007C1AC6 /* Assets.xcassets in Resources */ = {isa = PBXBuildFile; fileRef = DE2553062262688D007C1AC6 /* Assets.xcassets */; };
		DE25530A2262688D007C1AC6 /* LaunchScreen.storyboard in Resources */ = {isa = PBXBuildFile; fileRef = DE2553082262688D007C1AC6 /* LaunchScreen.storyboard */; };
		DE2553152262688D007C1AC6 /* parkingAppTests.swift in Sources */ = {isa = PBXBuildFile; fileRef = DE2553142262688D007C1AC6 /* parkingAppTests.swift */; };
		DE4D18A22262ABB50084EB9F /* ViewController.swift in Sources */ = {isa = PBXBuildFile; fileRef = DE4D18A12262ABB50084EB9F /* ViewController.swift */; };
		DE611995226280FF00CE6512 /* APIManager.swift in Sources */ = {isa = PBXBuildFile; fileRef = DE611994226280FF00CE6512 /* APIManager.swift */; };
/* End PBXBuildFile section */

/* Begin PBXContainerItemProxy section */
		DE2553112262688D007C1AC6 /* PBXContainerItemProxy */ = {
			isa = PBXContainerItemProxy;
			containerPortal = DE2552F42262688C007C1AC6 /* Project object */;
			proxyType = 1;
			remoteGlobalIDString = DE2552FB2262688C007C1AC6;
			remoteInfo = parkingApp;
		};
/* End PBXContainerItemProxy section */

/* Begin PBXFileReference section */
		3CBD0D34B421D535340323D0 /* Pods_parkingApp.framework */ = {isa = PBXFileReference; explicitFileType = wrapper.framework; includeInIndex = 0; path = Pods_parkingApp.framework; sourceTree = BUILT_PRODUCTS_DIR; };
		555DA184DE3F8B7C2657D03D /* Pods-parkingAppTests.debug.xcconfig */ = {isa = PBXFileReference; includeInIndex = 1; lastKnownFileType = text.xcconfig; name = "Pods-parkingAppTests.debug.xcconfig"; path = "Pods/Target Support Files/Pods-parkingAppTests/Pods-parkingAppTests.debug.xcconfig"; sourceTree = "<group>"; };
		72492FC3EB461DF437308532 /* Pods_parkingAppTests.framework */ = {isa = PBXFileReference; explicitFileType = wrapper.framework; includeInIndex = 0; path = Pods_parkingAppTests.framework; sourceTree = BUILT_PRODUCTS_DIR; };
		A1540398F5EC4824BE62406F /* Pods-parkingApp.release.xcconfig */ = {isa = PBXFileReference; includeInIndex = 1; lastKnownFileType = text.xcconfig; name = "Pods-parkingApp.release.xcconfig"; path = "Pods/Target Support Files/Pods-parkingApp/Pods-parkingApp.release.xcconfig"; sourceTree = "<group>"; };
		B224E3BAD941BE7C429F916D /* Pods-parkingAppTests.release.xcconfig */ = {isa = PBXFileReference; includeInIndex = 1; lastKnownFileType = text.xcconfig; name = "Pods-parkingAppTests.release.xcconfig"; path = "Pods/Target Support Files/Pods-parkingAppTests/Pods-parkingAppTests.release.xcconfig"; sourceTree = "<group>"; };
		D8FA9D56317AFCF99FE9FC17 /* Pods-parkingApp.debug.xcconfig */ = {isa = PBXFileReference; includeInIndex = 1; lastKnownFileType = text.xcconfig; name = "Pods-parkingApp.debug.xcconfig"; path = "Pods/Target Support Files/Pods-parkingApp/Pods-parkingApp.debug.xcconfig"; sourceTree = "<group>"; };
		DE2552FC2262688C007C1AC6 /* parkingApp.app */ = {isa = PBXFileReference; explicitFileType = wrapper.application; includeInIndex = 0; path = parkingApp.app; sourceTree = BUILT_PRODUCTS_DIR; };
		DE2552FF2262688C007C1AC6 /* AppDelegate.swift */ = {isa = PBXFileReference; lastKnownFileType = sourcecode.swift; path = AppDelegate.swift; sourceTree = "<group>"; };
		DE2553042262688C007C1AC6 /* Base */ = {isa = PBXFileReference; lastKnownFileType = file.storyboard; name = Base; path = Base.lproj/Main.storyboard; sourceTree = "<group>"; };
		DE2553062262688D007C1AC6 /* Assets.xcassets */ = {isa = PBXFileReference; lastKnownFileType = folder.assetcatalog; path = Assets.xcassets; sourceTree = "<group>"; };
		DE2553092262688D007C1AC6 /* Base */ = {isa = PBXFileReference; lastKnownFileType = file.storyboard; name = Base; path = Base.lproj/LaunchScreen.storyboard; sourceTree = "<group>"; };
		DE25530B2262688D007C1AC6 /* Info.plist */ = {isa = PBXFileReference; lastKnownFileType = text.plist.xml; path = Info.plist; sourceTree = "<group>"; };
		DE2553102262688D007C1AC6 /* parkingAppTests.xctest */ = {isa = PBXFileReference; explicitFileType = wrapper.cfbundle; includeInIndex = 0; path = parkingAppTests.xctest; sourceTree = BUILT_PRODUCTS_DIR; };
		DE2553142262688D007C1AC6 /* parkingAppTests.swift */ = {isa = PBXFileReference; lastKnownFileType = sourcecode.swift; path = parkingAppTests.swift; sourceTree = "<group>"; };
		DE2553162262688D007C1AC6 /* Info.plist */ = {isa = PBXFileReference; lastKnownFileType = text.plist.xml; path = Info.plist; sourceTree = "<group>"; };
		DE4D18A12262ABB50084EB9F /* ViewController.swift */ = {isa = PBXFileReference; lastKnownFileType = sourcecode.swift; path = ViewController.swift; sourceTree = "<group>"; };
		DE611994226280FF00CE6512 /* APIManager.swift */ = {isa = PBXFileReference; lastKnownFileType = sourcecode.swift; path = APIManager.swift; sourceTree = "<group>"; };
/* End PBXFileReference section */

/* Begin PBXFrameworksBuildPhase section */
		DE2552F92262688C007C1AC6 /* Frameworks */ = {
			isa = PBXFrameworksBuildPhase;
			buildActionMask = 2147483647;
			files = (
				2D3D5D3D2A7D1ED094F16364 /* Pods_parkingApp.framework in Frameworks */,
			);
			runOnlyForDeploymentPostprocessing = 0;
		};
		DE25530D2262688D007C1AC6 /* Frameworks */ = {
			isa = PBXFrameworksBuildPhase;
			buildActionMask = 2147483647;
			files = (
				364B3B03B0A7BEF0F99373EA /* Pods_parkingAppTests.framework in Frameworks */,
			);
			runOnlyForDeploymentPostprocessing = 0;
		};
/* End PBXFrameworksBuildPhase section */

/* Begin PBXGroup section */
		071B5D3FAC3A62FE103E62D6 /* Frameworks */ = {
			isa = PBXGroup;
			children = (
				3CBD0D34B421D535340323D0 /* Pods_parkingApp.framework */,
				72492FC3EB461DF437308532 /* Pods_parkingAppTests.framework */,
			);
			name = Frameworks;
			sourceTree = "<group>";
		};
		63D8332FC2F36144BD549196 /* Pods */ = {
			isa = PBXGroup;
			children = (
				D8FA9D56317AFCF99FE9FC17 /* Pods-parkingApp.debug.xcconfig */,
				A1540398F5EC4824BE62406F /* Pods-parkingApp.release.xcconfig */,
				555DA184DE3F8B7C2657D03D /* Pods-parkingAppTests.debug.xcconfig */,
				B224E3BAD941BE7C429F916D /* Pods-parkingAppTests.release.xcconfig */,
			);
			name = Pods;
			sourceTree = "<group>";
		};
		DE2552F32262688C007C1AC6 = {
			isa = PBXGroup;
			children = (
				DE2552FE2262688C007C1AC6 /* parkingApp */,
				DE2553132262688D007C1AC6 /* parkingAppTests */,
				DE2552FD2262688C007C1AC6 /* Products */,
				63D8332FC2F36144BD549196 /* Pods */,
				071B5D3FAC3A62FE103E62D6 /* Frameworks */,
			);
			sourceTree = "<group>";
		};
		DE2552FD2262688C007C1AC6 /* Products */ = {
			isa = PBXGroup;
			children = (
				DE2552FC2262688C007C1AC6 /* parkingApp.app */,
				DE2553102262688D007C1AC6 /* parkingAppTests.xctest */,
			);
			name = Products;
			sourceTree = "<group>";
		};
		DE2552FE2262688C007C1AC6 /* parkingApp */ = {
			isa = PBXGroup;
			children = (
				DE2552FF2262688C007C1AC6 /* AppDelegate.swift */,
				DE2553032262688C007C1AC6 /* Main.storyboard */,
				DE2553062262688D007C1AC6 /* Assets.xcassets */,
				DE2553082262688D007C1AC6 /* LaunchScreen.storyboard */,
				DE25530B2262688D007C1AC6 /* Info.plist */,
				DE611994226280FF00CE6512 /* APIManager.swift */,
				DE4D18A12262ABB50084EB9F /* ViewController.swift */,
			);
			path = parkingApp;
			sourceTree = "<group>";
		};
		DE2553132262688D007C1AC6 /* parkingAppTests */ = {
			isa = PBXGroup;
			children = (
				DE2553142262688D007C1AC6 /* parkingAppTests.swift */,
				DE2553162262688D007C1AC6 /* Info.plist */,
			);
			path = parkingAppTests;
			sourceTree = "<group>";
		};
/* End PBXGroup section */

/* Begin PBXNativeTarget section */
		DE2552FB2262688C007C1AC6 /* parkingApp */ = {
			isa = PBXNativeTarget;
			buildConfigurationList = DE2553192262688D007C1AC6 /* Build configuration list for PBXNativeTarget "parkingApp" */;
			buildPhases = (
				5CB54F6C3CC365C00A484F4C /* [CP] Check Pods Manifest.lock */,
				DE2552F82262688C007C1AC6 /* Sources */,
				DE2552F92262688C007C1AC6 /* Frameworks */,
				DE2552FA2262688C007C1AC6 /* Resources */,
				AE26B5FF30F17A03A164B8DC /* [CP] Embed Pods Frameworks */,
			);
			buildRules = (
			);
			dependencies = (
			);
			name = parkingApp;
			productName = parkingApp;
			productReference = DE2552FC2262688C007C1AC6 /* parkingApp.app */;
			productType = "com.apple.product-type.application";
		};
		DE25530F2262688D007C1AC6 /* parkingAppTests */ = {
			isa = PBXNativeTarget;
			buildConfigurationList = DE25531C2262688D007C1AC6 /* Build configuration list for PBXNativeTarget "parkingAppTests" */;
			buildPhases = (
				E6AFD0FB810BCD16EA15CF09 /* [CP] Check Pods Manifest.lock */,
				DE25530C2262688D007C1AC6 /* Sources */,
				DE25530D2262688D007C1AC6 /* Frameworks */,
				DE25530E2262688D007C1AC6 /* Resources */,
			);
			buildRules = (
			);
			dependencies = (
				DE2553122262688D007C1AC6 /* PBXTargetDependency */,
			);
			name = parkingAppTests;
			productName = parkingAppTests;
			productReference = DE2553102262688D007C1AC6 /* parkingAppTests.xctest */;
			productType = "com.apple.product-type.bundle.unit-test";
		};
/* End PBXNativeTarget section */

/* Begin PBXProject section */
		DE2552F42262688C007C1AC6 /* Project object */ = {
			isa = PBXProject;
			attributes = {
				LastSwiftUpdateCheck = 1010;
				LastUpgradeCheck = 1010;
				ORGANIZATIONNAME = "Nick Volpe";
				TargetAttributes = {
					DE2552FB2262688C007C1AC6 = {
						CreatedOnToolsVersion = 10.1;
						SystemCapabilities = {
							com.apple.BackgroundModes = {
								enabled = 1;
							};
						};
					};
					DE25530F2262688D007C1AC6 = {
						CreatedOnToolsVersion = 10.1;
						TestTargetID = DE2552FB2262688C007C1AC6;
					};
				};
			};
			buildConfigurationList = DE2552F72262688C007C1AC6 /* Build configuration list for PBXProject "parkingApp" */;
			compatibilityVersion = "Xcode 9.3";
			developmentRegion = en;
			hasScannedForEncodings = 0;
			knownRegions = (
				en,
				Base,
			);
			mainGroup = DE2552F32262688C007C1AC6;
			productRefGroup = DE2552FD2262688C007C1AC6 /* Products */;
			projectDirPath = "";
			projectRoot = "";
			targets = (
				DE2552FB2262688C007C1AC6 /* parkingApp */,
				DE25530F2262688D007C1AC6 /* parkingAppTests */,
			);
		};
/* End PBXProject section */

/* Begin PBXResourcesBuildPhase section */
		DE2552FA2262688C007C1AC6 /* Resources */ = {
			isa = PBXResourcesBuildPhase;
			buildActionMask = 2147483647;
			files = (
				DE25530A2262688D007C1AC6 /* LaunchScreen.storyboard in Resources */,
				DE2553072262688D007C1AC6 /* Assets.xcassets in Resources */,
				DE2553052262688C007C1AC6 /* Main.storyboard in Resources */,
			);
			runOnlyForDeploymentPostprocessing = 0;
		};
		DE25530E2262688D007C1AC6 /* Resources */ = {
			isa = PBXResourcesBuildPhase;
			buildActionMask = 2147483647;
			files = (
			);
			runOnlyForDeploymentPostprocessing = 0;
		};
/* End PBXResourcesBuildPhase section */

/* Begin PBXShellScriptBuildPhase section */
		5CB54F6C3CC365C00A484F4C /* [CP] Check Pods Manifest.lock */ = {
			isa = PBXShellScriptBuildPhase;
			buildActionMask = 2147483647;
			files = (
			);
			inputFileListPaths = (
			);
			inputPaths = (
				"${PODS_PODFILE_DIR_PATH}/Podfile.lock",
				"${PODS_ROOT}/Manifest.lock",
			);
			name = "[CP] Check Pods Manifest.lock";
			outputFileListPaths = (
			);
			outputPaths = (
				"$(DERIVED_FILE_DIR)/Pods-parkingApp-checkManifestLockResult.txt",
			);
			runOnlyForDeploymentPostprocessing = 0;
			shellPath = /bin/sh;
			shellScript = "diff \"${PODS_PODFILE_DIR_PATH}/Podfile.lock\" \"${PODS_ROOT}/Manifest.lock\" > /dev/null\nif [ $? != 0 ] ; then\n    # print error to STDERR\n    echo \"error: The sandbox is not in sync with the Podfile.lock. Run 'pod install' or update your CocoaPods installation.\" >&2\n    exit 1\nfi\n# This output is used by Xcode 'outputs' to avoid re-running this script phase.\necho \"SUCCESS\" > \"${SCRIPT_OUTPUT_FILE_0}\"\n";
			showEnvVarsInLog = 0;
		};
		AE26B5FF30F17A03A164B8DC /* [CP] Embed Pods Frameworks */ = {
			isa = PBXShellScriptBuildPhase;
			buildActionMask = 2147483647;
			files = (
			);
			inputFileListPaths = (
			);
			inputPaths = (
				"${SRCROOT}/Pods/Target Support Files/Pods-parkingApp/Pods-parkingApp-frameworks.sh",
				"${PODS_ROOT}/Mapbox-iOS-SDK/dynamic/Mapbox.framework",
				"${PODS_ROOT}/Mapbox-iOS-SDK/dynamic/Mapbox.framework.dSYM",
				"${BUILT_PRODUCTS_DIR}/MapboxCoreNavigation/MapboxCoreNavigation.framework",
				"${BUILT_PRODUCTS_DIR}/MapboxDirections.swift/MapboxDirections.framework",
				"${BUILT_PRODUCTS_DIR}/MapboxMobileEvents/MapboxMobileEvents.framework",
				"${BUILT_PRODUCTS_DIR}/MapboxNavigation/MapboxNavigation.framework",
				"${PODS_ROOT}/MapboxNavigationNative/MapboxNavigationNative.framework",
				"${PODS_ROOT}/MapboxNavigationNative/MapboxNavigationNative.framework.dSYM",
				"${BUILT_PRODUCTS_DIR}/MapboxSpeech/MapboxSpeech.framework",
				"${BUILT_PRODUCTS_DIR}/Polyline/Polyline.framework",
				"${BUILT_PRODUCTS_DIR}/Solar/Solar.framework",
				"${BUILT_PRODUCTS_DIR}/Turf/Turf.framework",
			);
			name = "[CP] Embed Pods Frameworks";
			outputFileListPaths = (
			);
			outputPaths = (
				"${TARGET_BUILD_DIR}/${FRAMEWORKS_FOLDER_PATH}/Mapbox.framework",
				"${DWARF_DSYM_FOLDER_PATH}/Mapbox.framework.dSYM",
				"${TARGET_BUILD_DIR}/${FRAMEWORKS_FOLDER_PATH}/MapboxCoreNavigation.framework",
				"${TARGET_BUILD_DIR}/${FRAMEWORKS_FOLDER_PATH}/MapboxDirections.framework",
				"${TARGET_BUILD_DIR}/${FRAMEWORKS_FOLDER_PATH}/MapboxMobileEvents.framework",
				"${TARGET_BUILD_DIR}/${FRAMEWORKS_FOLDER_PATH}/MapboxNavigation.framework",
				"${TARGET_BUILD_DIR}/${FRAMEWORKS_FOLDER_PATH}/MapboxNavigationNative.framework",
				"${DWARF_DSYM_FOLDER_PATH}/MapboxNavigationNative.framework.dSYM",
				"${TARGET_BUILD_DIR}/${FRAMEWORKS_FOLDER_PATH}/MapboxSpeech.framework",
				"${TARGET_BUILD_DIR}/${FRAMEWORKS_FOLDER_PATH}/Polyline.framework",
				"${TARGET_BUILD_DIR}/${FRAMEWORKS_FOLDER_PATH}/Solar.framework",
				"${TARGET_BUILD_DIR}/${FRAMEWORKS_FOLDER_PATH}/Turf.framework",
			);
			runOnlyForDeploymentPostprocessing = 0;
			shellPath = /bin/sh;
			shellScript = "\"${SRCROOT}/Pods/Target Support Files/Pods-parkingApp/Pods-parkingApp-frameworks.sh\"\n";
			showEnvVarsInLog = 0;
		};
		E6AFD0FB810BCD16EA15CF09 /* [CP] Check Pods Manifest.lock */ = {
			isa = PBXShellScriptBuildPhase;
			buildActionMask = 2147483647;
			files = (
			);
			inputFileListPaths = (
			);
			inputPaths = (
				"${PODS_PODFILE_DIR_PATH}/Podfile.lock",
				"${PODS_ROOT}/Manifest.lock",
			);
			name = "[CP] Check Pods Manifest.lock";
			outputFileListPaths = (
			);
			outputPaths = (
				"$(DERIVED_FILE_DIR)/Pods-parkingAppTests-checkManifestLockResult.txt",
			);
			runOnlyForDeploymentPostprocessing = 0;
			shellPath = /bin/sh;
			shellScript = "diff \"${PODS_PODFILE_DIR_PATH}/Podfile.lock\" \"${PODS_ROOT}/Manifest.lock\" > /dev/null\nif [ $? != 0 ] ; then\n    # print error to STDERR\n    echo \"error: The sandbox is not in sync with the Podfile.lock. Run 'pod install' or update your CocoaPods installation.\" >&2\n    exit 1\nfi\n# This output is used by Xcode 'outputs' to avoid re-running this script phase.\necho \"SUCCESS\" > \"${SCRIPT_OUTPUT_FILE_0}\"\n";
			showEnvVarsInLog = 0;
		};
/* End PBXShellScriptBuildPhase section */

/* Begin PBXSourcesBuildPhase section */
		DE2552F82262688C007C1AC6 /* Sources */ = {
			isa = PBXSourcesBuildPhase;
			buildActionMask = 2147483647;
			files = (
				DE611995226280FF00CE6512 /* APIManager.swift in Sources */,
				DE4D18A22262ABB50084EB9F /* ViewController.swift in Sources */,
				DE2553002262688C007C1AC6 /* AppDelegate.swift in Sources */,
			);
			runOnlyForDeploymentPostprocessing = 0;
		};
		DE25530C2262688D007C1AC6 /* Sources */ = {
			isa = PBXSourcesBuildPhase;
			buildActionMask = 2147483647;
			files = (
				DE2553152262688D007C1AC6 /* parkingAppTests.swift in Sources */,
			);
			runOnlyForDeploymentPostprocessing = 0;
		};
/* End PBXSourcesBuildPhase section */

/* Begin PBXTargetDependency section */
		DE2553122262688D007C1AC6 /* PBXTargetDependency */ = {
			isa = PBXTargetDependency;
			target = DE2552FB2262688C007C1AC6 /* parkingApp */;
			targetProxy = DE2553112262688D007C1AC6 /* PBXContainerItemProxy */;
		};
/* End PBXTargetDependency section */

/* Begin PBXVariantGroup section */
		DE2553032262688C007C1AC6 /* Main.storyboard */ = {
			isa = PBXVariantGroup;
			children = (
				DE2553042262688C007C1AC6 /* Base */,
			);
			name = Main.storyboard;
			sourceTree = "<group>";
		};
		DE2553082262688D007C1AC6 /* LaunchScreen.storyboard */ = {
			isa = PBXVariantGroup;
			children = (
				DE2553092262688D007C1AC6 /* Base */,
			);
			name = LaunchScreen.storyboard;
			sourceTree = "<group>";
		};
/* End PBXVariantGroup section */

/* Begin XCBuildConfiguration section */
		DE2553172262688D007C1AC6 /* Debug */ = {
			isa = XCBuildConfiguration;
			buildSettings = {
				ALWAYS_SEARCH_USER_PATHS = NO;
				CLANG_ANALYZER_NONNULL = YES;
				CLANG_ANALYZER_NUMBER_OBJECT_CONVERSION = YES_AGGRESSIVE;
				CLANG_CXX_LANGUAGE_STANDARD = "gnu++14";
				CLANG_CXX_LIBRARY = "libc++";
				CLANG_ENABLE_MODULES = YES;
				CLANG_ENABLE_OBJC_ARC = YES;
				CLANG_ENABLE_OBJC_WEAK = YES;
				CLANG_WARN_BLOCK_CAPTURE_AUTORELEASING = YES;
				CLANG_WARN_BOOL_CONVERSION = YES;
				CLANG_WARN_COMMA = YES;
				CLANG_WARN_CONSTANT_CONVERSION = YES;
				CLANG_WARN_DEPRECATED_OBJC_IMPLEMENTATIONS = YES;
				CLANG_WARN_DIRECT_OBJC_ISA_USAGE = YES_ERROR;
				CLANG_WARN_DOCUMENTATION_COMMENTS = YES;
				CLANG_WARN_EMPTY_BODY = YES;
				CLANG_WARN_ENUM_CONVERSION = YES;
				CLANG_WARN_INFINITE_RECURSION = YES;
				CLANG_WARN_INT_CONVERSION = YES;
				CLANG_WARN_NON_LITERAL_NULL_CONVERSION = YES;
				CLANG_WARN_OBJC_IMPLICIT_RETAIN_SELF = YES;
				CLANG_WARN_OBJC_LITERAL_CONVERSION = YES;
				CLANG_WARN_OBJC_ROOT_CLASS = YES_ERROR;
				CLANG_WARN_RANGE_LOOP_ANALYSIS = YES;
				CLANG_WARN_STRICT_PROTOTYPES = YES;
				CLANG_WARN_SUSPICIOUS_MOVE = YES;
				CLANG_WARN_UNGUARDED_AVAILABILITY = YES_AGGRESSIVE;
				CLANG_WARN_UNREACHABLE_CODE = YES;
				CLANG_WARN__DUPLICATE_METHOD_MATCH = YES;
				CODE_SIGN_IDENTITY = "iPhone Developer";
				COPY_PHASE_STRIP = NO;
				DEBUG_INFORMATION_FORMAT = dwarf;
				ENABLE_STRICT_OBJC_MSGSEND = YES;
				ENABLE_TESTABILITY = YES;
				GCC_C_LANGUAGE_STANDARD = gnu11;
				GCC_DYNAMIC_NO_PIC = NO;
				GCC_NO_COMMON_BLOCKS = YES;
				GCC_OPTIMIZATION_LEVEL = 0;
				GCC_PREPROCESSOR_DEFINITIONS = (
					"DEBUG=1",
					"$(inherited)",
				);
				GCC_WARN_64_TO_32_BIT_CONVERSION = YES;
				GCC_WARN_ABOUT_RETURN_TYPE = YES_ERROR;
				GCC_WARN_UNDECLARED_SELECTOR = YES;
				GCC_WARN_UNINITIALIZED_AUTOS = YES_AGGRESSIVE;
				GCC_WARN_UNUSED_FUNCTION = YES;
				GCC_WARN_UNUSED_VARIABLE = YES;
				IPHONEOS_DEPLOYMENT_TARGET = 12.1;
				MTL_ENABLE_DEBUG_INFO = INCLUDE_SOURCE;
				MTL_FAST_MATH = YES;
				ONLY_ACTIVE_ARCH = YES;
				SDKROOT = iphoneos;
				SWIFT_ACTIVE_COMPILATION_CONDITIONS = DEBUG;
				SWIFT_OPTIMIZATION_LEVEL = "-Onone";
			};
			name = Debug;
		};
		DE2553182262688D007C1AC6 /* Release */ = {
			isa = XCBuildConfiguration;
			buildSettings = {
				ALWAYS_SEARCH_USER_PATHS = NO;
				CLANG_ANALYZER_NONNULL = YES;
				CLANG_ANALYZER_NUMBER_OBJECT_CONVERSION = YES_AGGRESSIVE;
				CLANG_CXX_LANGUAGE_STANDARD = "gnu++14";
				CLANG_CXX_LIBRARY = "libc++";
				CLANG_ENABLE_MODULES = YES;
				CLANG_ENABLE_OBJC_ARC = YES;
				CLANG_ENABLE_OBJC_WEAK = YES;
				CLANG_WARN_BLOCK_CAPTURE_AUTORELEASING = YES;
				CLANG_WARN_BOOL_CONVERSION = YES;
				CLANG_WARN_COMMA = YES;
				CLANG_WARN_CONSTANT_CONVERSION = YES;
				CLANG_WARN_DEPRECATED_OBJC_IMPLEMENTATIONS = YES;
				CLANG_WARN_DIRECT_OBJC_ISA_USAGE = YES_ERROR;
				CLANG_WARN_DOCUMENTATION_COMMENTS = YES;
				CLANG_WARN_EMPTY_BODY = YES;
				CLANG_WARN_ENUM_CONVERSION = YES;
				CLANG_WARN_INFINITE_RECURSION = YES;
				CLANG_WARN_INT_CONVERSION = YES;
				CLANG_WARN_NON_LITERAL_NULL_CONVERSION = YES;
				CLANG_WARN_OBJC_IMPLICIT_RETAIN_SELF = YES;
				CLANG_WARN_OBJC_LITERAL_CONVERSION = YES;
				CLANG_WARN_OBJC_ROOT_CLASS = YES_ERROR;
				CLANG_WARN_RANGE_LOOP_ANALYSIS = YES;
				CLANG_WARN_STRICT_PROTOTYPES = YES;
				CLANG_WARN_SUSPICIOUS_MOVE = YES;
				CLANG_WARN_UNGUARDED_AVAILABILITY = YES_AGGRESSIVE;
				CLANG_WARN_UNREACHABLE_CODE = YES;
				CLANG_WARN__DUPLICATE_METHOD_MATCH = YES;
				CODE_SIGN_IDENTITY = "iPhone Developer";
				COPY_PHASE_STRIP = NO;
				DEBUG_INFORMATION_FORMAT = "dwarf-with-dsym";
				ENABLE_NS_ASSERTIONS = NO;
				ENABLE_STRICT_OBJC_MSGSEND = YES;
				GCC_C_LANGUAGE_STANDARD = gnu11;
				GCC_NO_COMMON_BLOCKS = YES;
				GCC_WARN_64_TO_32_BIT_CONVERSION = YES;
				GCC_WARN_ABOUT_RETURN_TYPE = YES_ERROR;
				GCC_WARN_UNDECLARED_SELECTOR = YES;
				GCC_WARN_UNINITIALIZED_AUTOS = YES_AGGRESSIVE;
				GCC_WARN_UNUSED_FUNCTION = YES;
				GCC_WARN_UNUSED_VARIABLE = YES;
				IPHONEOS_DEPLOYMENT_TARGET = 12.1;
				MTL_ENABLE_DEBUG_INFO = NO;
				MTL_FAST_MATH = YES;
				SDKROOT = iphoneos;
				SWIFT_COMPILATION_MODE = wholemodule;
				SWIFT_OPTIMIZATION_LEVEL = "-O";
				VALIDATE_PRODUCT = YES;
			};
			name = Release;
		};
		DE25531A2262688D007C1AC6 /* Debug */ = {
			isa = XCBuildConfiguration;
			baseConfigurationReference = D8FA9D56317AFCF99FE9FC17 /* Pods-parkingApp.debug.xcconfig */;
			buildSettings = {
				ASSETCATALOG_COMPILER_APPICON_NAME = AppIcon;
				CODE_SIGN_IDENTITY = "iPhone Developer";
				CODE_SIGN_STYLE = Automatic;
				DEVELOPMENT_TEAM = ZZ3G6DGQEM;
				INFOPLIST_FILE = parkingApp/Info.plist;
				LD_RUNPATH_SEARCH_PATHS = (
					"$(inherited)",
					"@executable_path/Frameworks",
				);
				PRODUCT_BUNDLE_IDENTIFIER = com.nick.parkingApp;
				PRODUCT_NAME = "$(TARGET_NAME)";
				PROVISIONING_PROFILE_SPECIFIER = "";
				SWIFT_VERSION = 4.2;
				TARGETED_DEVICE_FAMILY = "1,2";
			};
			name = Debug;
		};
		DE25531B2262688D007C1AC6 /* Release */ = {
			isa = XCBuildConfiguration;
			baseConfigurationReference = A1540398F5EC4824BE62406F /* Pods-parkingApp.release.xcconfig */;
			buildSettings = {
				ASSETCATALOG_COMPILER_APPICON_NAME = AppIcon;
				CODE_SIGN_IDENTITY = "iPhone Developer";
				CODE_SIGN_STYLE = Automatic;
				DEVELOPMENT_TEAM = ZZ3G6DGQEM;
				INFOPLIST_FILE = parkingApp/Info.plist;
				LD_RUNPATH_SEARCH_PATHS = (
					"$(inherited)",
					"@executable_path/Frameworks",
				);
				PRODUCT_BUNDLE_IDENTIFIER = com.nick.parkingApp;
				PRODUCT_NAME = "$(TARGET_NAME)";
				PROVISIONING_PROFILE_SPECIFIER = "";
				SWIFT_VERSION = 4.2;
				TARGETED_DEVICE_FAMILY = "1,2";
			};
			name = Release;
		};
		DE25531D2262688D007C1AC6 /* Debug */ = {
			isa = XCBuildConfiguration;
			baseConfigurationReference = 555DA184DE3F8B7C2657D03D /* Pods-parkingAppTests.debug.xcconfig */;
			buildSettings = {
				ALWAYS_EMBED_SWIFT_STANDARD_LIBRARIES = YES;
				BUNDLE_LOADER = "$(TEST_HOST)";
				CODE_SIGN_STYLE = Automatic;
				DEVELOPMENT_TEAM = ZZ3G6DGQEM;
				INFOPLIST_FILE = parkingAppTests/Info.plist;
				LD_RUNPATH_SEARCH_PATHS = (
					"$(inherited)",
					"@executable_path/Frameworks",
					"@loader_path/Frameworks",
				);
				PRODUCT_BUNDLE_IDENTIFIER = com.nick.parkingAppTests;
				PRODUCT_NAME = "$(TARGET_NAME)";
				SWIFT_VERSION = 4.2;
				TARGETED_DEVICE_FAMILY = "1,2";
				TEST_HOST = "$(BUILT_PRODUCTS_DIR)/parkingApp.app/parkingApp";
			};
			name = Debug;
		};
		DE25531E2262688D007C1AC6 /* Release */ = {
			isa = XCBuildConfiguration;
			baseConfigurationReference = B224E3BAD941BE7C429F916D /* Pods-parkingAppTests.release.xcconfig */;
			buildSettings = {
				ALWAYS_EMBED_SWIFT_STANDARD_LIBRARIES = YES;
				BUNDLE_LOADER = "$(TEST_HOST)";
				CODE_SIGN_STYLE = Automatic;
				DEVELOPMENT_TEAM = ZZ3G6DGQEM;
				INFOPLIST_FILE = parkingAppTests/Info.plist;
				LD_RUNPATH_SEARCH_PATHS = (
					"$(inherited)",
					"@executable_path/Frameworks",
					"@loader_path/Frameworks",
				);
				PRODUCT_BUNDLE_IDENTIFIER = com.nick.parkingAppTests;
				PRODUCT_NAME = "$(TARGET_NAME)";
				SWIFT_VERSION = 4.2;
				TARGETED_DEVICE_FAMILY = "1,2";
				TEST_HOST = "$(BUILT_PRODUCTS_DIR)/parkingApp.app/parkingApp";
			};
			name = Release;
		};
/* End XCBuildConfiguration section */

/* Begin XCConfigurationList section */
		DE2552F72262688C007C1AC6 /* Build configuration list for PBXProject "parkingApp" */ = {
			isa = XCConfigurationList;
			buildConfigurations = (
				DE2553172262688D007C1AC6 /* Debug */,
				DE2553182262688D007C1AC6 /* Release */,
			);
			defaultConfigurationIsVisible = 0;
			defaultConfigurationName = Release;
		};
		DE2553192262688D007C1AC6 /* Build configuration list for PBXNativeTarget "parkingApp" */ = {
			isa = XCConfigurationList;
			buildConfigurations = (
				DE25531A2262688D007C1AC6 /* Debug */,
				DE25531B2262688D007C1AC6 /* Release */,
			);
			defaultConfigurationIsVisible = 0;
			defaultConfigurationName = Release;
		};
		DE25531C2262688D007C1AC6 /* Build configuration list for PBXNativeTarget "parkingAppTests" */ = {
			isa = XCConfigurationList;
			buildConfigurations = (
				DE25531D2262688D007C1AC6 /* Debug */,
				DE25531E2262688D007C1AC6 /* Release */,
			);
			defaultConfigurationIsVisible = 0;
			defaultConfigurationName = Release;
		};
/* End XCConfigurationList section */
	};
	rootObject = DE2552F42262688C007C1AC6 /* Project object */;
}
